github.com/cenkalti/backoff v2.1.1+incompatible h1:tKJnvO2kl0zmb/jA5UKAt4VoEVw1qxKWjE/Bpp46npY=
github.com/cenkalti/backoff v2.1.1+incompatible/go.mod h1:90ReRw6GdpyfrHakVjL/QHaoyV4aDUVVkXQJJJ3NXXM=
github.com/dghubble/go-twitter v0.0.0-20190512073027-53f972dc4b06 h1:eg2cM+xR5Bgm4hgJ5xmtbOkgDAJSOXP4WGr2hEFdqe4=
github.com/dghubble/go-twitter v0.0.0-20190512073027-53f972dc4b06/go.mod h1:6beqTZaXeBPti9pDBcBEqxfJc7uCbSafqZPRDPQOKoM=
github.com/dghubble/oauth1 v0.5.0 h1:uJqX7Rzr3QRmp2slUWqI9Sm8NoP65AMiyXiijOWWLvQ=
github.com/dghubble/oauth1 v0.5.0/go.mod h1:8V8BMV9DJRREZx/lUaHtrs7GUMXpzbMqJxINCasxYug=
github.com/dghubble/sling v1.2.0 h1:PYGS9ofwbV9nfhB1kYjB1vtXshMxlp2oQxTMMXVJ5pE=
github.com/dghubble/sling v1.2.0/go.mod h1:ZcPRuLm0qrcULW2gOrjXrAWgf76sahqSyxXyVOvkunE=
github.com/google/go-querystring v1.0.0 h1:Xkwi/a1rcvNg1PPYe5vI8GbeBY/jrVuDX5ASuANWTrk=
github.com/google/go-querystring v1.0.0/go.mod h1:odCYkC5MyYFN7vkCjXpyrEuKhc/BUO6wN/zVPAxq5ck=
github.com/kawasin73/htask v0.4.1 h1:EJMkyVLClCkMafMma8qYds+7Ucb9Qz7++92jF7FbPrY=
github.com/kawasin73/htask v0.4.1/go.mod h1:qcDyaht76A1Ezzof2q1nMjDh+Eo2gijQ3kTUYjhvnw8=
github.com/kawasin73/twilter v0.0.0-20190602154440-1c17eba4b82a h1:CzgQVTUlUu1a+g0626taqb+qlJamNLGAu6woY2r8XdE=
github.com/kawasin73/twilter v0.0.0-20190602154440-1c17eba4b82a/go.mod h1:MJqNxrFzJWm80YbqDkSzzn9oJtBmo8PGthxjdfA2DDU=
github.com/kawasin73/twilter v0.0.0-20190602162846-883b015a2091 h1:9kzfd1EI3W8ouy++OflNUMPeHR5VQvdVE8PMsBj9hFk=
github.com/kawasin73/twilter v0.0.0-20190602162846-883b015a2091/go.mod h1:m06A2Ftwb6Cd9Rx5p+FMuheR9RJnWkLk2OzzoYABqyw=
github.com/kawasin73/twilter v0.0.0-20190603074952-5cecbc2315af h1:VDb68CjEMfoXTS3EDttvchcs5pltUJduGiuBVryLIo4=
github.com/kawasin73/twilter v0.0.0-20190603074952-5cecbc2315af/go.mod h1:m06A2Ftwb6Cd9Rx5p+FMuheR9RJnWkLk2OzzoYABqyw=
github.com/kawasin73/twilter v0.0.0-20190603131122-4e8ce1d1990f h1:SwCFrmsqlpyV/4EuyVVMmlkDYnAVlVqQk5ACAdCd6yU=
github.com/kawasin73/twilter v0.0.0-20190603131122-4e8ce1d1990f/go.mod h1:m06A2Ftwb6Cd9Rx5p+FMuheR9RJnWkLk2OzzoYABqyw=
github.com/kawasin73/twilter v0.0.0-20190603143325-aa3ac1ff3622 h1:xyH2YmFilKgxbF7pJVKJc1cY/+xlPFFibinILDQlF68=
github.com/kawasin73/twilter v0.0.0-20190603143325-aa3ac1ff3622/go.mod h1:m06A2Ftwb6Cd9Rx5p+FMuheR9RJnWkLk2OzzoYABqyw=
